
Microsoft Visual Studio Solution File, Format Version 12.00
# Visual Studio 2013
VisualStudioVersion = 12.0.30501.0
MinimumVisualStudioVersion = 10.0.40219.1
Project("{FAE04EC0-301F-11D3-BF4B-00C04F79EFBC}") = "Jhong.SphinxClient", "SphinxClient\Jhong.SphinxClient.csproj", "{4A14CAC4-E645-47AF-A87E-4C5B5507AD6E}"
EndProject
Project("{2150E333-8FDC-42A3-9474-1A3956D46DE8}") = "Example", "Example", "{42961DE7-B392-4C4B-925E-6BDD33D31E44}"
EndProject
Project("{FAE04EC0-301F-11D3-BF4B-00C04F79EFBC}") = "Jhong.Example.SimpleQuery", "Jhong.Example.SimpleQuery\Jhong.Example.SimpleQuery.csproj", "{FD032B73-6B96-4017-89DD-341D90904EC1}"
EndProject
Project("{FAE04EC0-301F-11D3-BF4B-00C04F79EFBC}") = "Jhong.Example.MultiQuery", "Jhong.Example.MultiQuery\Jhong.Example.MultiQuery.csproj", "{15F67B61-FF77-4F17-999F-80F041B4D759}"
EndProject
Project("{FAE04EC0-301F-11D3-BF4B-00C04F79EFBC}") = "Jhong.Example.QueryLimit", "Jhong.Example.QueryLimit\Jhong.Example.QueryLimit.csproj", "{79E980DD-0E70-41B2-8B65-03217046DFB4}"
EndProject
Project("{FAE04EC0-301F-11D3-BF4B-00C04F79EFBC}") = "Jhong.Example.BuildKeywords", "Jhong.Example.BuildKeywords\Jhong.Example.BuildKeywords.csproj", "{9BD17FE5-48C3-4A13-8E11-F3B97BFB6B75}"
EndProject
Project("{FAE04EC0-301F-11D3-BF4B-00C04F79EFBC}") = "Jhong.Example.MatchMode", "Jhong.Example.MatchMode\Jhong.Example.MatchMode.csproj", "{751B6177-4991-488D-B843-2BC7216551DD}"
EndProject
Project("{FAE04EC0-301F-11D3-BF4B-00C04F79EFBC}") = "Jhong.Example.Status", "Jhong,Example.Status\Jhong.Example.Status.csproj", "{3A50EF0F-4FDC-4B9A-9066-34F21C8D3E74}"
EndProject
Project("{FAE04EC0-301F-11D3-BF4B-00C04F79EFBC}") = "Jhong.Example.BuildExcerpts", "Jhong.Example.BuildExcerpts\Jhong.Example.BuildExcerpts.csproj", "{235566C4-904A-4B50-A474-340506F70F0E}"
EndProject
Global
	GlobalSection(SolutionConfigurationPlatforms) = preSolution
		Debug|Any CPU = Debug|Any CPU
		Release|Any CPU = Release|Any CPU
	EndGlobalSection
	GlobalSection(ProjectConfigurationPlatforms) = postSolution
		{4A14CAC4-E645-47AF-A87E-4C5B5507AD6E}.Debug|Any CPU.ActiveCfg = Debug|Any CPU
		{4A14CAC4-E645-47AF-A87E-4C5B5507AD6E}.Debug|Any CPU.Build.0 = Debug|Any CPU
		{4A14CAC4-E645-47AF-A87E-4C5B5507AD6E}.Release|Any CPU.ActiveCfg = Release|Any CPU
		{4A14CAC4-E645-47AF-A87E-4C5B5507AD6E}.Release|Any CPU.Build.0 = Release|Any CPU
		{FD032B73-6B96-4017-89DD-341D90904EC1}.Debug|Any CPU.ActiveCfg = Debug|Any CPU
		{FD032B73-6B96-4017-89DD-341D90904EC1}.Debug|Any CPU.Build.0 = Debug|Any CPU
		{FD032B73-6B96-4017-89DD-341D90904EC1}.Release|Any CPU.ActiveCfg = Release|Any CPU
		{FD032B73-6B96-4017-89DD-341D90904EC1}.Release|Any CPU.Build.0 = Release|Any CPU
		{15F67B61-FF77-4F17-999F-80F041B4D759}.Debug|Any CPU.ActiveCfg = Debug|Any CPU
		{15F67B61-FF77-4F17-999F-80F041B4D759}.Debug|Any CPU.Build.0 = Debug|Any CPU
		{15F67B61-FF77-4F17-999F-80F041B4D759}.Release|Any CPU.ActiveCfg = Release|Any CPU
		{15F67B61-FF77-4F17-999F-80F041B4D759}.Release|Any CPU.Build.0 = Release|Any CPU
		{79E980DD-0E70-41B2-8B65-03217046DFB4}.Debug|Any CPU.ActiveCfg = Debug|Any CPU
		{79E980DD-0E70-41B2-8B65-03217046DFB4}.Debug|Any CPU.Build.0 = Debug|Any CPU
		{79E980DD-0E70-41B2-8B65-03217046DFB4}.Release|Any CPU.ActiveCfg = Release|Any CPU
		{79E980DD-0E70-41B2-8B65-03217046DFB4}.Release|Any CPU.Build.0 = Release|Any CPU
		{9BD17FE5-48C3-4A13-8E11-F3B97BFB6B75}.Debug|Any CPU.ActiveCfg = Debug|Any CPU
		{9BD17FE5-48C3-4A13-8E11-F3B97BFB6B75}.Debug|Any CPU.Build.0 = Debug|Any CPU
		{9BD17FE5-48C3-4A13-8E11-F3B97BFB6B75}.Release|Any CPU.ActiveCfg = Release|Any CPU
		{9BD17FE5-48C3-4A13-8E11-F3B97BFB6B75}.Release|Any CPU.Build.0 = Release|Any CPU
		{751B6177-4991-488D-B843-2BC7216551DD}.Debug|Any CPU.ActiveCfg = Debug|Any CPU
		{751B6177-4991-488D-B843-2BC7216551DD}.Debug|Any CPU.Build.0 = Debug|Any CPU
		{751B6177-4991-488D-B843-2BC7216551DD}.Release|Any CPU.ActiveCfg = Release|Any CPU
		{751B6177-4991-488D-B843-2BC7216551DD}.Release|Any CPU.Build.0 = Release|Any CPU
		{3A50EF0F-4FDC-4B9A-9066-34F21C8D3E74}.Debug|Any CPU.ActiveCfg = Debug|Any CPU
		{3A50EF0F-4FDC-4B9A-9066-34F21C8D3E74}.Debug|Any CPU.Build.0 = Debug|Any CPU
		{3A50EF0F-4FDC-4B9A-9066-34F21C8D3E74}.Release|Any CPU.ActiveCfg = Release|Any CPU
		{3A50EF0F-4FDC-4B9A-9066-34F21C8D3E74}.Release|Any CPU.Build.0 = Release|Any CPU
		{235566C4-904A-4B50-A474-340506F70F0E}.Debug|Any CPU.ActiveCfg = Debug|Any CPU
		{235566C4-904A-4B50-A474-340506F70F0E}.Debug|Any CPU.Build.0 = Debug|Any CPU
		{235566C4-904A-4B50-A474-340506F70F0E}.Release|Any CPU.ActiveCfg = Release|Any CPU
		{235566C4-904A-4B50-A474-340506F70F0E}.Release|Any CPU.Build.0 = Release|Any CPU
	EndGlobalSection
	GlobalSection(SolutionProperties) = preSolution
		HideSolutionNode = FALSE
	EndGlobalSection
	GlobalSection(NestedProjects) = preSolution
		{FD032B73-6B96-4017-89DD-341D90904EC1} = {42961DE7-B392-4C4B-925E-6BDD33D31E44}
		{15F67B61-FF77-4F17-999F-80F041B4D759} = {42961DE7-B392-4C4B-925E-6BDD33D31E44}
		{79E980DD-0E70-41B2-8B65-03217046DFB4} = {42961DE7-B392-4C4B-925E-6BDD33D31E44}
		{9BD17FE5-48C3-4A13-8E11-F3B97BFB6B75} = {42961DE7-B392-4C4B-925E-6BDD33D31E44}
		{751B6177-4991-488D-B843-2BC7216551DD} = {42961DE7-B392-4C4B-925E-6BDD33D31E44}
		{3A50EF0F-4FDC-4B9A-9066-34F21C8D3E74} = {42961DE7-B392-4C4B-925E-6BDD33D31E44}
		{235566C4-904A-4B50-A474-340506F70F0E} = {42961DE7-B392-4C4B-925E-6BDD33D31E44}
	EndGlobalSection
EndGlobal
